
Microsoft Visual Studio Solution File, Format Version 12.00
# Visual Studio Version 17
VisualStudioVersion = 17.14.36109.1
MinimumVisualStudioVersion = 10.0.40219.1
Project("{FAE04EC0-301F-11D3-BF4B-00C04F79EFBC}") = "Voucher.Ventixe.ApiREST", "Voucher.Ventixe.ApiREST\Voucher.Ventixe.ApiREST.csproj", "{0AE953CF-874C-4270-9905-AA32B31160A3}"
EndProject
Project("{FAE04EC0-301F-11D3-BF4B-00C04F79EFBC}") = "VoucherApi_Test", "VoucherApi_Test\VoucherApi_Test.csproj", "{98EF466D-C876-4BF5-9915-293F3AE26E9D}"
EndProject
Global
	GlobalSection(SolutionConfigurationPlatforms) = preSolution
		Debug|Any CPU = Debug|Any CPU
		Release|Any CPU = Release|Any CPU
	EndGlobalSection
	GlobalSection(ProjectConfigurationPlatforms) = postSolution
		{0AE953CF-874C-4270-9905-AA32B31160A3}.Debug|Any CPU.ActiveCfg = Debug|Any CPU
		{0AE953CF-874C-4270-9905-AA32B31160A3}.Debug|Any CPU.Build.0 = Debug|Any CPU
		{0AE953CF-874C-4270-9905-AA32B31160A3}.Release|Any CPU.ActiveCfg = Release|Any CPU
		{0AE953CF-874C-4270-9905-AA32B31160A3}.Release|Any CPU.Build.0 = Release|Any CPU
		{98EF466D-C876-4BF5-9915-293F3AE26E9D}.Debug|Any CPU.ActiveCfg = Debug|Any CPU
		{98EF466D-C876-4BF5-9915-293F3AE26E9D}.Debug|Any CPU.Build.0 = Debug|Any CPU
		{98EF466D-C876-4BF5-9915-293F3AE26E9D}.Release|Any CPU.ActiveCfg = Release|Any CPU
		{98EF466D-C876-4BF5-9915-293F3AE26E9D}.Release|Any CPU.Build.0 = Release|Any CPU
	EndGlobalSection
	GlobalSection(SolutionProperties) = preSolution
		HideSolutionNode = FALSE
	EndGlobalSection
	GlobalSection(ExtensibilityGlobals) = postSolution
		SolutionGuid = {D3199A01-30D2-4B43-B896-FE6D12FCCC93}
	EndGlobalSection
EndGlobal
